{
  "name": "smm",
  "version": "0.0.0",
  "lockfileVersion": 3,
  "requires": true,
  "packages": {
    "": {
      "name": "smm",
      "version": "0.0.0",
      "license": "UNLICENSED",
      "workspaces": [
        "packages/*",
        "apps/*"
      ],
      "devDependencies": {
        "@types/node": "^22.10.2",
        "typescript": "^5.7.2"
      },
      "engines": {
        "node": ">=22"
      }
    },
    "node_modules/@smm/adapters": {
      "resolved": "packages/adapters",
      "link": true
    },
    "node_modules/@smm/db": {
      "resolved": "packages/db",
      "link": true
    },
    "node_modules/@smm/scheduler": {
      "resolved": "packages/scheduler",
      "link": true
    },
    "node_modules/@smm/shared": {
      "resolved": "packages/shared",
      "link": true
    },
    "node_modules/@smm/vault": {
      "resolved": "packages/vault",
      "link": true
    },
    "node_modules/@types/node": {
      "version": "22.20.1",
      "resolved": "https://registry.npmjs.org/@types/node/-/node-22.20.1.tgz",
      "integrity": "sha512-EANqOCF9QFyra+4pfxUcX9STKJpCLjMbObVzljIJomAWSnuSIEAvyzEU53GaajbXJEgdh0iEcPL+DGvpUd4k1Q==",
      "dev": true,
      "license": "MIT",
      "dependencies": {
        "undici-types": "~6.21.0"
      }
    },
    "node_modules/postgres": {
      "version": "3.4.9",
      "resolved": "https://registry.npmjs.org/postgres/-/postgres-3.4.9.tgz",
      "integrity": "sha512-GD3qdB0x1z9xgFI6cdRD6xu2Sp2WCOEoe3mtnyB5Ee0XrrL5Pe+e4CCnJrRMnL1zYtRDZmQQVbvOttLnKDLnaw==",
      "license": "Unlicense",
      "engines": {
        "node": ">=12"
      },
      "funding": {
        "type": "individual",
        "url": "https://github.com/sponsors/porsager"
      }
    },
    "node_modules/typescript": {
      "version": "5.9.3",
      "resolved": "https://registry.npmjs.org/typescript/-/typescript-5.9.3.tgz",
      "integrity": "sha512-jl1vZzPDinLr9eUt3J/t7V6FgNEw9QjvBPdysz9KfQDD41fQrC2Y4vKQdiaUpFT4bXlb1RHhLpp8wtm6M5TgSw==",
      "dev": true,
      "license": "Apache-2.0",
      "bin": {
        "tsc": "bin/tsc",
        "tsserver": "bin/tsserver"
      },
      "engines": {
        "node": ">=14.17"
      }
    },
    "node_modules/undici-types": {
      "version": "6.21.0",
      "resolved": "https://registry.npmjs.org/undici-types/-/undici-types-6.21.0.tgz",
      "integrity": "sha512-iwDZqg0QAGrg9Rav5H4n0M64c3mkR59cJ6wQp+7C4nI0gsmExaedaYLNO44eT4AtBBwjbTiGPMlt2Md0T9H9JQ==",
      "dev": true,
      "license": "MIT"
    },
    "packages/adapters": {
      "name": "@smm/adapters",
      "version": "0.0.0",
      "dependencies": {
        "@smm/shared": "*"
      }
    },
    "packages/db": {
      "name": "@smm/db",
      "version": "0.0.0",
      "dependencies": {
        "postgres": "^3.4.9"
      }
    },
    "packages/scheduler": {
      "name": "@smm/scheduler",
      "version": "0.0.0",
      "dependencies": {
        "@smm/adapters": "*",
        "@smm/shared": "*"
      }
    },
    "packages/shared": {
      "name": "@smm/shared",
      "version": "0.0.0"
    },
    "packages/vault": {
      "name": "@smm/vault",
      "version": "0.0.0"
    }
  }
}
